
Microsoft Visual Studio Solution File, Format Version 12.00
# Visual Studio Version 17
VisualStudioVersion = 17.0.31903.59
MinimumVisualStudioVersion = 10.0.40219.1
Project("{2150E333-8FDC-42A3-9474-1A3956D46DE8}") = "src", "src", "{827E0CD3-B72D-47B6-A68D-7590B98EB39B}"
EndProject
Project("{FAE04EC0-301F-11D3-BF4B-00C04F79EFBC}") = "Infrastructure", "src\Infrastructure\Infrastructure.csproj", "{7554E26A-51AC-411D-A7F2-59D44CBA961B}"
EndProject
Project("{FAE04EC0-301F-11D3-BF4B-00C04F79EFBC}") = "Api", "src\Api\Api.csproj", "{46E2C4D1-D872-4F75-A314-188152B9392B}"
EndProject
Project("{FAE04EC0-301F-11D3-BF4B-00C04F79EFBC}") = "Domain", "src\Domain\Domain.csproj", "{5F9857D3-DF21-4011-83A6-755755EFFB88}"
EndProject
Project("{FAE04EC0-301F-11D3-BF4B-00C04F79EFBC}") = "Application", "src\Application\Application.csproj", "{6BA066B7-D16E-4463-AB8A-239A6EB19119}"
EndProject
Project("{FAE04EC0-301F-11D3-BF4B-00C04F79EFBC}") = "Application.Tests", "tests\Application.Tests\Application.Tests.csproj", "{B9B0DBC6-881A-487C-9FE5-7FA1544FBBBF}"
EndProject
Project("{FAE04EC0-301F-11D3-BF4B-00C04F79EFBC}") = "Domain.Tests", "tests\Domain.Tests\Domain.Tests.csproj", "{AB27EF9F-E2C1-4043-8586-5B91955B1EE3}"
EndProject
Project("{FAE04EC0-301F-11D3-BF4B-00C04F79EFBC}") = "Api.Tests", "tests\Api.Tests\Api.Tests.csproj", "{77A06EEE-B245-4C1F-86BC-114FB311F33A}"
EndProject
Global
	GlobalSection(SolutionConfigurationPlatforms) = preSolution
		Debug|Any CPU = Debug|Any CPU
		Debug|x64 = Debug|x64
		Debug|x86 = Debug|x86
		Release|Any CPU = Release|Any CPU
		Release|x64 = Release|x64
		Release|x86 = Release|x86
	EndGlobalSection
	GlobalSection(ProjectConfigurationPlatforms) = postSolution
		{7554E26A-51AC-411D-A7F2-59D44CBA961B}.Debug|Any CPU.ActiveCfg = Debug|Any CPU
		{7554E26A-51AC-411D-A7F2-59D44CBA961B}.Debug|Any CPU.Build.0 = Debug|Any CPU
		{7554E26A-51AC-411D-A7F2-59D44CBA961B}.Debug|x64.ActiveCfg = Debug|Any CPU
		{7554E26A-51AC-411D-A7F2-59D44CBA961B}.Debug|x64.Build.0 = Debug|Any CPU
		{7554E26A-51AC-411D-A7F2-59D44CBA961B}.Debug|x86.ActiveCfg = Debug|Any CPU
		{7554E26A-51AC-411D-A7F2-59D44CBA961B}.Debug|x86.Build.0 = Debug|Any CPU
		{7554E26A-51AC-411D-A7F2-59D44CBA961B}.Release|Any CPU.ActiveCfg = Release|Any CPU
		{7554E26A-51AC-411D-A7F2-59D44CBA961B}.Release|Any CPU.Build.0 = Release|Any CPU
		{7554E26A-51AC-411D-A7F2-59D44CBA961B}.Release|x64.ActiveCfg = Release|Any CPU
		{7554E26A-51AC-411D-A7F2-59D44CBA961B}.Release|x64.Build.0 = Release|Any CPU
		{7554E26A-51AC-411D-A7F2-59D44CBA961B}.Release|x86.ActiveCfg = Release|Any CPU
		{7554E26A-51AC-411D-A7F2-59D44CBA961B}.Release|x86.Build.0 = Release|Any CPU
		{46E2C4D1-D872-4F75-A314-188152B9392B}.Debug|Any CPU.ActiveCfg = Debug|Any CPU
		{46E2C4D1-D872-4F75-A314-188152B9392B}.Debug|Any CPU.Build.0 = Debug|Any CPU
		{46E2C4D1-D872-4F75-A314-188152B9392B}.Debug|x64.ActiveCfg = Debug|Any CPU
		{46E2C4D1-D872-4F75-A314-188152B9392B}.Debug|x64.Build.0 = Debug|Any CPU
		{46E2C4D1-D872-4F75-A314-188152B9392B}.Debug|x86.ActiveCfg = Debug|Any CPU
		{46E2C4D1-D872-4F75-A314-188152B9392B}.Debug|x86.Build.0 = Debug|Any CPU
		{46E2C4D1-D872-4F75-A314-188152B9392B}.Release|Any CPU.ActiveCfg = Release|Any CPU
		{46E2C4D1-D872-4F75-A314-188152B9392B}.Release|Any CPU.Build.0 = Release|Any CPU
		{46E2C4D1-D872-4F75-A314-188152B9392B}.Release|x64.ActiveCfg = Release|Any CPU
		{46E2C4D1-D872-4F75-A314-188152B9392B}.Release|x64.Build.0 = Release|Any CPU
		{46E2C4D1-D872-4F75-A314-188152B9392B}.Release|x86.ActiveCfg = Release|Any CPU
		{46E2C4D1-D872-4F75-A314-188152B9392B}.Release|x86.Build.0 = Release|Any CPU
		{5F9857D3-DF21-4011-83A6-755755EFFB88}.Debug|Any CPU.ActiveCfg = Debug|Any CPU
		{5F9857D3-DF21-4011-83A6-755755EFFB88}.Debug|Any CPU.Build.0 = Debug|Any CPU
		{5F9857D3-DF21-4011-83A6-755755EFFB88}.Debug|x64.ActiveCfg = Debug|Any CPU
		{5F9857D3-DF21-4011-83A6-755755EFFB88}.Debug|x64.Build.0 = Debug|Any CPU
		{5F9857D3-DF21-4011-83A6-755755EFFB88}.Debug|x86.ActiveCfg = Debug|Any CPU
		{5F9857D3-DF21-4011-83A6-755755EFFB88}.Debug|x86.Build.0 = Debug|Any CPU
		{5F9857D3-DF21-4011-83A6-755755EFFB88}.Release|Any CPU.ActiveCfg = Release|Any CPU
		{5F9857D3-DF21-4011-83A6-755755EFFB88}.Release|Any CPU.Build.0 = Release|Any CPU
		{5F9857D3-DF21-4011-83A6-755755EFFB88}.Release|x64.ActiveCfg = Release|Any CPU
		{5F9857D3-DF21-4011-83A6-755755EFFB88}.Release|x64.Build.0 = Release|Any CPU
		{5F9857D3-DF21-4011-83A6-755755EFFB88}.Release|x86.ActiveCfg = Release|Any CPU
		{5F9857D3-DF21-4011-83A6-755755EFFB88}.Release|x86.Build.0 = Release|Any CPU
		{6BA066B7-D16E-4463-AB8A-239A6EB19119}.Debug|Any CPU.ActiveCfg = Debug|Any CPU
		{6BA066B7-D16E-4463-AB8A-239A6EB19119}.Debug|Any CPU.Build.0 = Debug|Any CPU
		{6BA066B7-D16E-4463-AB8A-239A6EB19119}.Debug|x64.ActiveCfg = Debug|Any CPU
		{6BA066B7-D16E-4463-AB8A-239A6EB19119}.Debug|x64.Build.0 = Debug|Any CPU
		{6BA066B7-D16E-4463-AB8A-239A6EB19119}.Debug|x86.ActiveCfg = Debug|Any CPU
		{6BA066B7-D16E-4463-AB8A-239A6EB19119}.Debug|x86.Build.0 = Debug|Any CPU
		{6BA066B7-D16E-4463-AB8A-239A6EB19119}.Release|Any CPU.ActiveCfg = Release|Any CPU
		{6BA066B7-D16E-4463-AB8A-239A6EB19119}.Release|Any CPU.Build.0 = Release|Any CPU
		{6BA066B7-D16E-4463-AB8A-239A6EB19119}.Release|x64.ActiveCfg = Release|Any CPU
		{6BA066B7-D16E-4463-AB8A-239A6EB19119}.Release|x64.Build.0 = Release|Any CPU
		{6BA066B7-D16E-4463-AB8A-239A6EB19119}.Release|x86.ActiveCfg = Release|Any CPU
		{6BA066B7-D16E-4463-AB8A-239A6EB19119}.Release|x86.Build.0 = Release|Any CPU
		{B9B0DBC6-881A-487C-9FE5-7FA1544FBBBF}.Debug|Any CPU.ActiveCfg = Debug|Any CPU
		{B9B0DBC6-881A-487C-9FE5-7FA1544FBBBF}.Debug|Any CPU.Build.0 = Debug|Any CPU
		{B9B0DBC6-881A-487C-9FE5-7FA1544FBBBF}.Debug|x64.ActiveCfg = Debug|Any CPU
		{B9B0DBC6-881A-487C-9FE5-7FA1544FBBBF}.Debug|x64.Build.0 = Debug|Any CPU
		{B9B0DBC6-881A-487C-9FE5-7FA1544FBBBF}.Debug|x86.ActiveCfg = Debug|Any CPU
		{B9B0DBC6-881A-487C-9FE5-7FA1544FBBBF}.Debug|x86.Build.0 = Debug|Any CPU
		{B9B0DBC6-881A-487C-9FE5-7FA1544FBBBF}.Release|Any CPU.ActiveCfg = Release|Any CPU
		{B9B0DBC6-881A-487C-9FE5-7FA1544FBBBF}.Release|Any CPU.Build.0 = Release|Any CPU
		{B9B0DBC6-881A-487C-9FE5-7FA1544FBBBF}.Release|x64.ActiveCfg = Release|Any CPU
		{B9B0DBC6-881A-487C-9FE5-7FA1544FBBBF}.Release|x64.Build.0 = Release|Any CPU
		{B9B0DBC6-881A-487C-9FE5-7FA1544FBBBF}.Release|x86.ActiveCfg = Release|Any CPU
		{B9B0DBC6-881A-487C-9FE5-7FA1544FBBBF}.Release|x86.Build.0 = Release|Any CPU
		{AB27EF9F-E2C1-4043-8586-5B91955B1EE3}.Debug|Any CPU.ActiveCfg = Debug|Any CPU
		{AB27EF9F-E2C1-4043-8586-5B91955B1EE3}.Debug|Any CPU.Build.0 = Debug|Any CPU
		{AB27EF9F-E2C1-4043-8586-5B91955B1EE3}.Debug|x64.ActiveCfg = Debug|Any CPU
		{AB27EF9F-E2C1-4043-8586-5B91955B1EE3}.Debug|x64.Build.0 = Debug|Any CPU
		{AB27EF9F-E2C1-4043-8586-5B91955B1EE3}.Debug|x86.ActiveCfg = Debug|Any CPU
		{AB27EF9F-E2C1-4043-8586-5B91955B1EE3}.Debug|x86.Build.0 = Debug|Any CPU
		{AB27EF9F-E2C1-4043-8586-5B91955B1EE3}.Release|Any CPU.ActiveCfg = Release|Any CPU
		{AB27EF9F-E2C1-4043-8586-5B91955B1EE3}.Release|Any CPU.Build.0 = Release|Any CPU
		{AB27EF9F-E2C1-4043-8586-5B91955B1EE3}.Release|x64.ActiveCfg = Release|Any CPU
		{AB27EF9F-E2C1-4043-8586-5B91955B1EE3}.Release|x64.Build.0 = Release|Any CPU
		{AB27EF9F-E2C1-4043-8586-5B91955B1EE3}.Release|x86.ActiveCfg = Release|Any CPU
		{AB27EF9F-E2C1-4043-8586-5B91955B1EE3}.Release|x86.Build.0 = Release|Any CPU
		{77A06EEE-B245-4C1F-86BC-114FB311F33A}.Debug|Any CPU.ActiveCfg = Debug|Any CPU
		{77A06EEE-B245-4C1F-86BC-114FB311F33A}.Debug|Any CPU.Build.0 = Debug|Any CPU
		{77A06EEE-B245-4C1F-86BC-114FB311F33A}.Debug|x64.ActiveCfg = Debug|Any CPU
		{77A06EEE-B245-4C1F-86BC-114FB311F33A}.Debug|x64.Build.0 = Debug|Any CPU
		{77A06EEE-B245-4C1F-86BC-114FB311F33A}.Debug|x86.ActiveCfg = Debug|Any CPU
		{77A06EEE-B245-4C1F-86BC-114FB311F33A}.Debug|x86.Build.0 = Debug|Any CPU
		{77A06EEE-B245-4C1F-86BC-114FB311F33A}.Release|Any CPU.ActiveCfg = Release|Any CPU
		{77A06EEE-B245-4C1F-86BC-114FB311F33A}.Release|Any CPU.Build.0 = Release|Any CPU
		{77A06EEE-B245-4C1F-86BC-114FB311F33A}.Release|x64.ActiveCfg = Release|Any CPU
		{77A06EEE-B245-4C1F-86BC-114FB311F33A}.Release|x64.Build.0 = Release|Any CPU
		{77A06EEE-B245-4C1F-86BC-114FB311F33A}.Release|x86.ActiveCfg = Release|Any CPU
		{77A06EEE-B245-4C1F-86BC-114FB311F33A}.Release|x86.Build.0 = Release|Any CPU
	EndGlobalSection
	GlobalSection(SolutionProperties) = preSolution
		HideSolutionNode = FALSE
	EndGlobalSection
	GlobalSection(NestedProjects) = preSolution
		{7554E26A-51AC-411D-A7F2-59D44CBA961B} = {827E0CD3-B72D-47B6-A68D-7590B98EB39B}
		{46E2C4D1-D872-4F75-A314-188152B9392B} = {827E0CD3-B72D-47B6-A68D-7590B98EB39B}
		{5F9857D3-DF21-4011-83A6-755755EFFB88} = {827E0CD3-B72D-47B6-A68D-7590B98EB39B}
		{6BA066B7-D16E-4463-AB8A-239A6EB19119} = {827E0CD3-B72D-47B6-A68D-7590B98EB39B}
		{B9B0DBC6-881A-487C-9FE5-7FA1544FBBBF} = {827E0CD3-B72D-47B6-A68D-7590B98EB39B}
		{AB27EF9F-E2C1-4043-8586-5B91955B1EE3} = {827E0CD3-B72D-47B6-A68D-7590B98EB39B}
		{77A06EEE-B245-4C1F-86BC-114FB311F33A} = {827E0CD3-B72D-47B6-A68D-7590B98EB39B}
	EndGlobalSection
EndGlobal
